
Microsoft Visual Studio Solution File, Format Version 12.00
# Visual Studio 15
VisualStudioVersion = 15.0.28307.1500
MinimumVisualStudioVersion = 10.0.40219.1
Project("{FAE04EC0-301F-11D3-BF4B-00C04F79EFBC}") = "TestAccessAndDataGridView", "TestAccessAndDataGridView\TestAccessAndDataGridView.csproj", "{6DA516A7-5F20-454F-94E9-742280B8E9D4}"
EndProject
Project("{FAE04EC0-301F-11D3-BF4B-00C04F79EFBC}") = "TestFileIO", "TestFileIO\TestFileIO.csproj", "{6E079471-F8A1-439C-9ACC-B606F1744196}"
EndProject
Project("{FAE04EC0-301F-11D3-BF4B-00C04F79EFBC}") = "TestDBF", "TestDBF\TestDBF.csproj", "{A6545A69-46E6-448A-9E2B-FDCBF9912C61}"
EndProject
Project("{FAE04EC0-301F-11D3-BF4B-00C04F79EFBC}") = "TestChart", "TestChart\TestChart.csproj", "{17E68755-E28A-4CAA-B9FF-5C4A7EB4B117}"
EndProject
Project("{FAE04EC0-301F-11D3-BF4B-00C04F79EFBC}") = "ALLDemo", "ALLDemo\ALLDemo.csproj", "{4623C937-B145-42A6-8087-CCB5A3483973}"
EndProject
Project("{2150E333-8FDC-42A3-9474-1A3956D46DE8}") = "Solution Items", "Solution Items", "{CD14ACD5-1EFD-4193-9196-FA9F514FB2B5}"
	ProjectSection(SolutionItems) = preProject
		.gitignore = .gitignore
		README.md = README.md
	EndProjectSection
EndProject
Project("{FAE04EC0-301F-11D3-BF4B-00C04F79EFBC}") = "MysqlOperation", "MysqlOperation\MysqlOperation.csproj", "{A72E22DE-F8CE-4F6D-9343-2955D561BC5E}"
EndProject
Project("{FAE04EC0-301F-11D3-BF4B-00C04F79EFBC}") = "MNsmv", "MNsmv\MNsmv.csproj", "{EF3277BE-A66F-4B00-88F9-2AF14436F5FA}"
EndProject
Global
	GlobalSection(SolutionConfigurationPlatforms) = preSolution
		Debug|Any CPU = Debug|Any CPU
		Release|Any CPU = Release|Any CPU
	EndGlobalSection
	GlobalSection(ProjectConfigurationPlatforms) = postSolution
		{6DA516A7-5F20-454F-94E9-742280B8E9D4}.Debug|Any CPU.ActiveCfg = Debug|Any CPU
		{6DA516A7-5F20-454F-94E9-742280B8E9D4}.Debug|Any CPU.Build.0 = Debug|Any CPU
		{6DA516A7-5F20-454F-94E9-742280B8E9D4}.Release|Any CPU.ActiveCfg = Release|Any CPU
		{6DA516A7-5F20-454F-94E9-742280B8E9D4}.Release|Any CPU.Build.0 = Release|Any CPU
		{6E079471-F8A1-439C-9ACC-B606F1744196}.Debug|Any CPU.ActiveCfg = Debug|Any CPU
		{6E079471-F8A1-439C-9ACC-B606F1744196}.Debug|Any CPU.Build.0 = Debug|Any CPU
		{6E079471-F8A1-439C-9ACC-B606F1744196}.Release|Any CPU.ActiveCfg = Release|Any CPU
		{6E079471-F8A1-439C-9ACC-B606F1744196}.Release|Any CPU.Build.0 = Release|Any CPU
		{A6545A69-46E6-448A-9E2B-FDCBF9912C61}.Debug|Any CPU.ActiveCfg = Debug|Any CPU
		{A6545A69-46E6-448A-9E2B-FDCBF9912C61}.Debug|Any CPU.Build.0 = Debug|Any CPU
		{A6545A69-46E6-448A-9E2B-FDCBF9912C61}.Release|Any CPU.ActiveCfg = Release|Any CPU
		{A6545A69-46E6-448A-9E2B-FDCBF9912C61}.Release|Any CPU.Build.0 = Release|Any CPU
		{17E68755-E28A-4CAA-B9FF-5C4A7EB4B117}.Debug|Any CPU.ActiveCfg = Debug|Any CPU
		{17E68755-E28A-4CAA-B9FF-5C4A7EB4B117}.Debug|Any CPU.Build.0 = Debug|Any CPU
		{17E68755-E28A-4CAA-B9FF-5C4A7EB4B117}.Release|Any CPU.ActiveCfg = Release|Any CPU
		{17E68755-E28A-4CAA-B9FF-5C4A7EB4B117}.Release|Any CPU.Build.0 = Release|Any CPU
		{4623C937-B145-42A6-8087-CCB5A3483973}.Debug|Any CPU.ActiveCfg = Debug|Any CPU
		{4623C937-B145-42A6-8087-CCB5A3483973}.Debug|Any CPU.Build.0 = Debug|Any CPU
		{4623C937-B145-42A6-8087-CCB5A3483973}.Release|Any CPU.ActiveCfg = Release|Any CPU
		{4623C937-B145-42A6-8087-CCB5A3483973}.Release|Any CPU.Build.0 = Release|Any CPU
		{A72E22DE-F8CE-4F6D-9343-2955D561BC5E}.Debug|Any CPU.ActiveCfg = Debug|Any CPU
		{A72E22DE-F8CE-4F6D-9343-2955D561BC5E}.Debug|Any CPU.Build.0 = Debug|Any CPU
		{A72E22DE-F8CE-4F6D-9343-2955D561BC5E}.Release|Any CPU.ActiveCfg = Release|Any CPU
		{A72E22DE-F8CE-4F6D-9343-2955D561BC5E}.Release|Any CPU.Build.0 = Release|Any CPU
		{EF3277BE-A66F-4B00-88F9-2AF14436F5FA}.Debug|Any CPU.ActiveCfg = Debug|Any CPU
		{EF3277BE-A66F-4B00-88F9-2AF14436F5FA}.Debug|Any CPU.Build.0 = Debug|Any CPU
		{EF3277BE-A66F-4B00-88F9-2AF14436F5FA}.Release|Any CPU.ActiveCfg = Release|Any CPU
		{EF3277BE-A66F-4B00-88F9-2AF14436F5FA}.Release|Any CPU.Build.0 = Release|Any CPU
	EndGlobalSection
	GlobalSection(SolutionProperties) = preSolution
		HideSolutionNode = FALSE
	EndGlobalSection
	GlobalSection(ExtensibilityGlobals) = postSolution
		SolutionGuid = {B56A0EB0-7E8C-44B4-8877-E22854BE0FD2}
	EndGlobalSection
EndGlobal
